// !$*UTF8*$!
{
	archiveVersion = 1;
	classes = {
	};
	objectVersion = 77;
	objects = {

/* Begin PBXBuildFile section */
		4C98FDFE2DABE6DE00601764 /* Preview Assets.xcassets in Resources */ = {isa = PBXBuildFile; fileRef = 4C98FDEA2DABE6DE00601764 /* Preview Assets.xcassets */; };
		4C98FDFF2DABE6DE00601764 /* Assets.xcassets in Resources */ = {isa = PBXBuildFile; fileRef = 4C98FDFB2DABE6DE00601764 /* Assets.xcassets */; };
		4C98FE002DABE6DE00601764 /* UserDataModel.swift in Sources */ = {isa = PBXBuildFile; fileRef = 4C98FDE62DABE6DE00601764 /* UserDataModel.swift */; };
		4C98FE012DABE6DE00601764 /* WebServices.swift in Sources */ = {isa = PBXBuildFile; fileRef = 4C98FDE82DABE6DE00601764 /* WebServices.swift */; };
		4C98FE022DABE6DE00601764 /* HomeViewModel.swift in Sources */ = {isa = PBXBuildFile; fileRef = 4C98FDEC2DABE6DE00601764 /* HomeViewModel.swift */; };
		4C98FE032DABE6DE00601764 /* DraggableCardView.swift in Sources */ = {isa = PBXBuildFile; fileRef = 4C98FDEE2DABE6DE00601764 /* DraggableCardView.swift */; };
		4C98FE042DABE6DE00601764 /* Home.swift in Sources */ = {isa = PBXBuildFile; fileRef = 4C98FDEF2DABE6DE00601764 /* Home.swift */; };
		4C98FE052DABE6DE00601764 /* ProfileImageView.swift in Sources */ = {isa = PBXBuildFile; fileRef = 4C98FDF02DABE6DE00601764 /* ProfileImageView.swift */; };
		4C98FE062DABE6DE00601764 /* SizeConstants.swift in Sources */ = {isa = PBXBuildFile; fileRef = 4C98FDF12DABE6DE00601764 /* SizeConstants.swift */; };
		4C98FE072DABE6DE00601764 /* SwipeActionIndicatorView.swift in Sources */ = {isa = PBXBuildFile; fileRef = 4C98FDF22DABE6DE00601764 /* SwipeActionIndicatorView.swift */; };
		4C98FE082DABE6DE00601764 /* Matches.swift in Sources */ = {isa = PBXBuildFile; fileRef = 4C98FDF42DABE6DE00601764 /* Matches.swift */; };
		4C98FE092DABE6DE00601764 /* Events.swift in Sources */ = {isa = PBXBuildFile; fileRef = 4C98FDF62DABE6DE00601764 /* Events.swift */; };
		4C98FE0A2DABE6DE00601764 /* Messages.swift in Sources */ = {isa = PBXBuildFile; fileRef = 4C98FDF72DABE6DE00601764 /* Messages.swift */; };
		4C98FE0B2DABE6DE00601764 /* NavBar.swift in Sources */ = {isa = PBXBuildFile; fileRef = 4C98FDF82DABE6DE00601764 /* NavBar.swift */; };
		4C98FE0C2DABE6DE00601764 /* Profile.swift in Sources */ = {isa = PBXBuildFile; fileRef = 4C98FDF92DABE6DE00601764 /* Profile.swift */; };
		4C98FE0D2DABE6DE00601764 /* collideApp.swift in Sources */ = {isa = PBXBuildFile; fileRef = 4C98FDFC2DABE6DE00601764 /* collideApp.swift */; };
/* End PBXBuildFile section */

/* Begin PBXFileReference section */
		4C98FDE62DABE6DE00601764 /* UserDataModel.swift */ = {isa = PBXFileReference; lastKnownFileType = sourcecode.swift; path = UserDataModel.swift; sourceTree = "<group>"; };
		4C98FDE82DABE6DE00601764 /* WebServices.swift */ = {isa = PBXFileReference; lastKnownFileType = sourcecode.swift; path = WebServices.swift; sourceTree = "<group>"; };
		4C98FDEA2DABE6DE00601764 /* Preview Assets.xcassets */ = {isa = PBXFileReference; lastKnownFileType = folder.assetcatalog; path = "Preview Assets.xcassets"; sourceTree = "<group>"; };
		4C98FDEC2DABE6DE00601764 /* HomeViewModel.swift */ = {isa = PBXFileReference; lastKnownFileType = sourcecode.swift; path = HomeViewModel.swift; sourceTree = "<group>"; };
		4C98FDEE2DABE6DE00601764 /* DraggableCardView.swift */ = {isa = PBXFileReference; lastKnownFileType = sourcecode.swift; path = DraggableCardView.swift; sourceTree = "<group>"; };
		4C98FDEF2DABE6DE00601764 /* Home.swift */ = {isa = PBXFileReference; lastKnownFileType = sourcecode.swift; path = Home.swift; sourceTree = "<group>"; };
		4C98FDF02DABE6DE00601764 /* ProfileImageView.swift */ = {isa = PBXFileReference; lastKnownFileType = sourcecode.swift; path = ProfileImageView.swift; sourceTree = "<group>"; };
		4C98FDF12DABE6DE00601764 /* SizeConstants.swift */ = {isa = PBXFileReference; lastKnownFileType = sourcecode.swift; path = SizeConstants.swift; sourceTree = "<group>"; };
		4C98FDF22DABE6DE00601764 /* SwipeActionIndicatorView.swift */ = {isa = PBXFileReference; lastKnownFileType = sourcecode.swift; path = SwipeActionIndicatorView.swift; sourceTree = "<group>"; };
		4C98FDF42DABE6DE00601764 /* Matches.swift */ = {isa = PBXFileReference; lastKnownFileType = sourcecode.swift; path = Matches.swift; sourceTree = "<group>"; };
		4C98FDF62DABE6DE00601764 /* Events.swift */ = {isa = PBXFileReference; lastKnownFileType = sourcecode.swift; path = Events.swift; sourceTree = "<group>"; };
		4C98FDF72DABE6DE00601764 /* Messages.swift */ = {isa = PBXFileReference; lastKnownFileType = sourcecode.swift; path = Messages.swift; sourceTree = "<group>"; };
		4C98FDF82DABE6DE00601764 /* NavBar.swift */ = {isa = PBXFileReference; lastKnownFileType = sourcecode.swift; path = NavBar.swift; sourceTree = "<group>"; };
		4C98FDF92DABE6DE00601764 /* Profile.swift */ = {isa = PBXFileReference; lastKnownFileType = sourcecode.swift; path = Profile.swift; sourceTree = "<group>"; };
		4C98FDFB2DABE6DE00601764 /* Assets.xcassets */ = {isa = PBXFileReference; lastKnownFileType = folder.assetcatalog; path = Assets.xcassets; sourceTree = "<group>"; };
		4C98FDFC2DABE6DE00601764 /* collideApp.swift */ = {isa = PBXFileReference; lastKnownFileType = sourcecode.swift; path = collideApp.swift; sourceTree = "<group>"; };
		4CCCB7342DA3CD4B009FCE1E /* collide.app */ = {isa = PBXFileReference; explicitFileType = wrapper.application; includeInIndex = 0; path = collide.app; sourceTree = BUILT_PRODUCTS_DIR; };
/* End PBXFileReference section */

/* Begin PBXFrameworksBuildPhase section */
		4CCCB7312DA3CD4B009FCE1E /* Frameworks */ = {
			isa = PBXFrameworksBuildPhase;
			buildActionMask = 2147483647;
			files = (
			);
			runOnlyForDeploymentPostprocessing = 0;
		};
/* End PBXFrameworksBuildPhase section */

/* Begin PBXGroup section */
		4C98FDE72DABE6DE00601764 /* data */ = {
			isa = PBXGroup;
			children = (
				4C98FDE62DABE6DE00601764 /* UserDataModel.swift */,
			);
			path = data;
			sourceTree = "<group>";
		};
		4C98FDE92DABE6DE00601764 /* Networking */ = {
			isa = PBXGroup;
			children = (
				4C98FDE82DABE6DE00601764 /* WebServices.swift */,
			);
			path = Networking;
			sourceTree = "<group>";
		};
		4C98FDEB2DABE6DE00601764 /* Preview Content */ = {
			isa = PBXGroup;
			children = (
				4C98FDFB2DABE6DE00601764 /* Assets.xcassets */,
				4C98FDEA2DABE6DE00601764 /* Preview Assets.xcassets */,
			);
			path = "Preview Content";
			sourceTree = "<group>";
		};
		4C98FDED2DABE6DE00601764 /* View Models */ = {
			isa = PBXGroup;
			children = (
				4C98FDEC2DABE6DE00601764 /* HomeViewModel.swift */,
			);
			path = "View Models";
			sourceTree = "<group>";
		};
		4C98FDF32DABE6DE00601764 /* Home */ = {
			isa = PBXGroup;
			children = (
				4C98FDEF2DABE6DE00601764 /* Home.swift */,
				4C98FDEE2DABE6DE00601764 /* DraggableCardView.swift */,
				4C98FDF02DABE6DE00601764 /* ProfileImageView.swift */,
				4C98FDF12DABE6DE00601764 /* SizeConstants.swift */,
				4C98FDF22DABE6DE00601764 /* SwipeActionIndicatorView.swift */,
			);
			path = Home;
			sourceTree = "<group>";
		};
		4C98FDF52DABE6DE00601764 /* Matches */ = {
			isa = PBXGroup;
			children = (
				4C98FDF42DABE6DE00601764 /* Matches.swift */,
			);
			path = Matches;
			sourceTree = "<group>";
		};
		4C98FDFA2DABE6DE00601764 /* Views */ = {
			isa = PBXGroup;
			children = (
				4C98FDF32DABE6DE00601764 /* Home */,
				4C98FDF52DABE6DE00601764 /* Matches */,
				4C98FDF62DABE6DE00601764 /* Events.swift */,
				4C98FDF72DABE6DE00601764 /* Messages.swift */,
				4C98FDF82DABE6DE00601764 /* NavBar.swift */,
				4C98FDF92DABE6DE00601764 /* Profile.swift */,
			);
			path = Views;
			sourceTree = "<group>";
		};
		4C98FDFD2DABE6DE00601764 /* collide */ = {
			isa = PBXGroup;
			children = (
				4C98FDFA2DABE6DE00601764 /* Views */,
				4C98FDE72DABE6DE00601764 /* data */,
				4C98FDED2DABE6DE00601764 /* View Models */,
				4C98FDE92DABE6DE00601764 /* Networking */,
				4C98FDEB2DABE6DE00601764 /* Preview Content */,
				4C98FDFC2DABE6DE00601764 /* collideApp.swift */,
			);
			path = collide;
			sourceTree = "<group>";
		};
		4CCCB72B2DA3CD4B009FCE1E = {
			isa = PBXGroup;
			children = (
				4C98FDFD2DABE6DE00601764 /* collide */,
				4CCCB7352DA3CD4B009FCE1E /* Products */,
			);
			sourceTree = "<group>";
		};
		4CCCB7352DA3CD4B009FCE1E /* Products */ = {
			isa = PBXGroup;
			children = (
				4CCCB7342DA3CD4B009FCE1E /* collide.app */,
			);
			name = Products;
			sourceTree = "<group>";
		};
/* End PBXGroup section */

/* Begin PBXNativeTarget section */
		4CCCB7332DA3CD4B009FCE1E /* collide */ = {
			isa = PBXNativeTarget;
			buildConfigurationList = 4CCCB7422DA3CD4E009FCE1E /* Build configuration list for PBXNativeTarget "collide" */;
			buildPhases = (
				4CCCB7302DA3CD4B009FCE1E /* Sources */,
				4CCCB7312DA3CD4B009FCE1E /* Frameworks */,
				4CCCB7322DA3CD4B009FCE1E /* Resources */,
			);
			buildRules = (
			);
			dependencies = (
			);
			name = collide;
			packageProductDependencies = (
			);
			productName = collide;
			productReference = 4CCCB7342DA3CD4B009FCE1E /* collide.app */;
			productType = "com.apple.product-type.application";
		};
/* End PBXNativeTarget section */

/* Begin PBXProject section */
		4CCCB72C2DA3CD4B009FCE1E /* Project object */ = {
			isa = PBXProject;
			attributes = {
				BuildIndependentTargetsInParallel = 1;
				LastSwiftUpdateCheck = 1620;
				LastUpgradeCheck = 1620;
				TargetAttributes = {
					4CCCB7332DA3CD4B009FCE1E = {
						CreatedOnToolsVersion = 16.2;
					};
				};
			};
			buildConfigurationList = 4CCCB72F2DA3CD4B009FCE1E /* Build configuration list for PBXProject "collide" */;
			developmentRegion = en;
			hasScannedForEncodings = 0;
			knownRegions = (
				en,
				Base,
			);
			mainGroup = 4CCCB72B2DA3CD4B009FCE1E;
			minimizedProjectReferenceProxies = 1;
			preferredProjectObjectVersion = 77;
			productRefGroup = 4CCCB7352DA3CD4B009FCE1E /* Products */;
			projectDirPath = "";
			projectRoot = "";
			targets = (
				4CCCB7332DA3CD4B009FCE1E /* collide */,
			);
		};
/* End PBXProject section */

/* Begin PBXResourcesBuildPhase section */
		4CCCB7322DA3CD4B009FCE1E /* Resources */ = {
			isa = PBXResourcesBuildPhase;
			buildActionMask = 2147483647;
			files = (
				4C98FDFE2DABE6DE00601764 /* Preview Assets.xcassets in Resources */,
				4C98FDFF2DABE6DE00601764 /* Assets.xcassets in Resources */,
			);
			runOnlyForDeploymentPostprocessing = 0;
		};
/* End PBXResourcesBuildPhase section */

/* Begin PBXSourcesBuildPhase section */
		4CCCB7302DA3CD4B009FCE1E /* Sources */ = {
			isa = PBXSourcesBuildPhase;
			buildActionMask = 2147483647;
			files = (
				4C98FE002DABE6DE00601764 /* UserDataModel.swift in Sources */,
				4C98FE012DABE6DE00601764 /* WebServices.swift in Sources */,
				4C98FE022DABE6DE00601764 /* HomeViewModel.swift in Sources */,
				4C98FE032DABE6DE00601764 /* DraggableCardView.swift in Sources */,
				4C98FE042DABE6DE00601764 /* Home.swift in Sources */,
				4C98FE052DABE6DE00601764 /* ProfileImageView.swift in Sources */,
				4C98FE062DABE6DE00601764 /* SizeConstants.swift in Sources */,
				4C98FE072DABE6DE00601764 /* SwipeActionIndicatorView.swift in Sources */,
				4C98FE082DABE6DE00601764 /* Matches.swift in Sources */,
				4C98FE092DABE6DE00601764 /* Events.swift in Sources */,
				4C98FE0A2DABE6DE00601764 /* Messages.swift in Sources */,
				4C98FE0B2DABE6DE00601764 /* NavBar.swift in Sources */,
				4C98FE0C2DABE6DE00601764 /* Profile.swift in Sources */,
				4C98FE0D2DABE6DE00601764 /* collideApp.swift in Sources */,
			);
			runOnlyForDeploymentPostprocessing = 0;
		};
/* End PBXSourcesBuildPhase section */

/* Begin XCBuildConfiguration section */
		4CCCB7402DA3CD4E009FCE1E /* Debug */ = {
			isa = XCBuildConfiguration;
			buildSettings = {
				ALWAYS_SEARCH_USER_PATHS = NO;
				ASSETCATALOG_COMPILER_GENERATE_SWIFT_ASSET_SYMBOL_EXTENSIONS = YES;
				CLANG_ANALYZER_NONNULL = YES;
				CLANG_ANALYZER_NUMBER_OBJECT_CONVERSION = YES_AGGRESSIVE;
				CLANG_CXX_LANGUAGE_STANDARD = "gnu++20";
				CLANG_ENABLE_MODULES = YES;
				CLANG_ENABLE_OBJC_ARC = YES;
				CLANG_ENABLE_OBJC_WEAK = YES;
				CLANG_WARN_BLOCK_CAPTURE_AUTORELEASING = YES;
				CLANG_WARN_BOOL_CONVERSION = YES;
				CLANG_WARN_COMMA = YES;
				CLANG_WARN_CONSTANT_CONVERSION = YES;
				CLANG_WARN_DEPRECATED_OBJC_IMPLEMENTATIONS = YES;
				CLANG_WARN_DIRECT_OBJC_ISA_USAGE = YES_ERROR;
				CLANG_WARN_DOCUMENTATION_COMMENTS = YES;
				CLANG_WARN_EMPTY_BODY = YES;
				CLANG_WARN_ENUM_CONVERSION = YES;
				CLANG_WARN_INFINITE_RECURSION = YES;
				CLANG_WARN_INT_CONVERSION = YES;
				CLANG_WARN_NON_LITERAL_NULL_CONVERSION = YES;
				CLANG_WARN_OBJC_IMPLICIT_RETAIN_SELF = YES;
				CLANG_WARN_OBJC_LITERAL_CONVERSION = YES;
				CLANG_WARN_OBJC_ROOT_CLASS = YES_ERROR;
				CLANG_WARN_QUOTED_INCLUDE_IN_FRAMEWORK_HEADER = YES;
				CLANG_WARN_RANGE_LOOP_ANALYSIS = YES;
				CLANG_WARN_STRICT_PROTOTYPES = YES;
				CLANG_WARN_SUSPICIOUS_MOVE = YES;
				CLANG_WARN_UNGUARDED_AVAILABILITY = YES_AGGRESSIVE;
				CLANG_WARN_UNREACHABLE_CODE = YES;
				CLANG_WARN__DUPLICATE_METHOD_MATCH = YES;
				COPY_PHASE_STRIP = NO;
				DEBUG_INFORMATION_FORMAT = dwarf;
				ENABLE_STRICT_OBJC_MSGSEND = YES;
				ENABLE_TESTABILITY = YES;
				ENABLE_USER_SCRIPT_SANDBOXING = YES;
				GCC_C_LANGUAGE_STANDARD = gnu17;
				GCC_DYNAMIC_NO_PIC = NO;
				GCC_NO_COMMON_BLOCKS = YES;
				GCC_OPTIMIZATION_LEVEL = 0;
				GCC_PREPROCESSOR_DEFINITIONS = (
					"DEBUG=1",
					"$(inherited)",
				);
				GCC_WARN_64_TO_32_BIT_CONVERSION = YES;
				GCC_WARN_ABOUT_RETURN_TYPE = YES_ERROR;
				GCC_WARN_UNDECLARED_SELECTOR = YES;
				GCC_WARN_UNINITIALIZED_AUTOS = YES_AGGRESSIVE;
				GCC_WARN_UNUSED_FUNCTION = YES;
				GCC_WARN_UNUSED_VARIABLE = YES;
				IPHONEOS_DEPLOYMENT_TARGET = 18.2;
				LOCALIZATION_PREFERS_STRING_CATALOGS = YES;
				MTL_ENABLE_DEBUG_INFO = INCLUDE_SOURCE;
				MTL_FAST_MATH = YES;
				ONLY_ACTIVE_ARCH = YES;
				SDKROOT = iphoneos;
				SWIFT_ACTIVE_COMPILATION_CONDITIONS = "DEBUG $(inherited)";
				SWIFT_OPTIMIZATION_LEVEL = "-Onone";
			};
			name = Debug;
		};
		4CCCB7412DA3CD4E009FCE1E /* Release */ = {
			isa = XCBuildConfiguration;
			buildSettings = {
				ALWAYS_SEARCH_USER_PATHS = NO;
				ASSETCATALOG_COMPILER_GENERATE_SWIFT_ASSET_SYMBOL_EXTENSIONS = YES;
				CLANG_ANALYZER_NONNULL = YES;
				CLANG_ANALYZER_NUMBER_OBJECT_CONVERSION = YES_AGGRESSIVE;
				CLANG_CXX_LANGUAGE_STANDARD = "gnu++20";
				CLANG_ENABLE_MODULES = YES;
				CLANG_ENABLE_OBJC_ARC = YES;
				CLANG_ENABLE_OBJC_WEAK = YES;
				CLANG_WARN_BLOCK_CAPTURE_AUTORELEASING = YES;
				CLANG_WARN_BOOL_CONVERSION = YES;
				CLANG_WARN_COMMA = YES;
				CLANG_WARN_CONSTANT_CONVERSION = YES;
				CLANG_WARN_DEPRECATED_OBJC_IMPLEMENTATIONS = YES;
				CLANG_WARN_DIRECT_OBJC_ISA_USAGE = YES_ERROR;
				CLANG_WARN_DOCUMENTATION_COMMENTS = YES;
				CLANG_WARN_EMPTY_BODY = YES;
				CLANG_WARN_ENUM_CONVERSION = YES;
				CLANG_WARN_INFINITE_RECURSION = YES;
				CLANG_WARN_INT_CONVERSION = YES;
				CLANG_WARN_NON_LITERAL_NULL_CONVERSION = YES;
				CLANG_WARN_OBJC_IMPLICIT_RETAIN_SELF = YES;
				CLANG_WARN_OBJC_LITERAL_CONVERSION = YES;
				CLANG_WARN_OBJC_ROOT_CLASS = YES_ERROR;
				CLANG_WARN_QUOTED_INCLUDE_IN_FRAMEWORK_HEADER = YES;
				CLANG_WARN_RANGE_LOOP_ANALYSIS = YES;
				CLANG_WARN_STRICT_PROTOTYPES = YES;
				CLANG_WARN_SUSPICIOUS_MOVE = YES;
				CLANG_WARN_UNGUARDED_AVAILABILITY = YES_AGGRESSIVE;
				CLANG_WARN_UNREACHABLE_CODE = YES;
				CLANG_WARN__DUPLICATE_METHOD_MATCH = YES;
				COPY_PHASE_STRIP = NO;
				DEBUG_INFORMATION_FORMAT = "dwarf-with-dsym";
				ENABLE_NS_ASSERTIONS = NO;
				ENABLE_STRICT_OBJC_MSGSEND = YES;
				ENABLE_USER_SCRIPT_SANDBOXING = YES;
				GCC_C_LANGUAGE_STANDARD = gnu17;
				GCC_NO_COMMON_BLOCKS = YES;
				GCC_WARN_64_TO_32_BIT_CONVERSION = YES;
				GCC_WARN_ABOUT_RETURN_TYPE = YES_ERROR;
				GCC_WARN_UNDECLARED_SELECTOR = YES;
				GCC_WARN_UNINITIALIZED_AUTOS = YES_AGGRESSIVE;
				GCC_WARN_UNUSED_FUNCTION = YES;
				GCC_WARN_UNUSED_VARIABLE = YES;
				IPHONEOS_DEPLOYMENT_TARGET = 18.2;
				LOCALIZATION_PREFERS_STRING_CATALOGS = YES;
				MTL_ENABLE_DEBUG_INFO = NO;
				MTL_FAST_MATH = YES;
				SDKROOT = iphoneos;
				SWIFT_COMPILATION_MODE = wholemodule;
				VALIDATE_PRODUCT = YES;
			};
			name = Release;
		};
		4CCCB7432DA3CD4E009FCE1E /* Debug */ = {
			isa = XCBuildConfiguration;
			buildSettings = {
				ASSETCATALOG_COMPILER_APPICON_NAME = AppIcon;
				ASSETCATALOG_COMPILER_GLOBAL_ACCENT_COLOR_NAME = AccentColor;
				CODE_SIGN_STYLE = Automatic;
				CURRENT_PROJECT_VERSION = 1;
				DEVELOPMENT_ASSET_PATHS = "\"collide/Preview Content\"";
				DEVELOPMENT_TEAM = LCK7YUA38D;
				ENABLE_PREVIEWS = YES;
				GENERATE_INFOPLIST_FILE = YES;
				INFOPLIST_KEY_UIApplicationSceneManifest_Generation = YES;
				INFOPLIST_KEY_UIApplicationSupportsIndirectInputEvents = YES;
				INFOPLIST_KEY_UILaunchScreen_Generation = YES;
				INFOPLIST_KEY_UISupportedInterfaceOrientations_iPad = "UIInterfaceOrientationPortrait UIInterfaceOrientationPortraitUpsideDown UIInterfaceOrientationLandscapeLeft UIInterfaceOrientationLandscapeRight";
				INFOPLIST_KEY_UISupportedInterfaceOrientations_iPhone = "UIInterfaceOrientationPortrait UIInterfaceOrientationLandscapeLeft UIInterfaceOrientationLandscapeRight";
				LD_RUNPATH_SEARCH_PATHS = (
					"$(inherited)",
					"@executable_path/Frameworks",
				);
				MARKETING_VERSION = 1.0;
				PRODUCT_BUNDLE_IDENTIFIER = com.priyank.collide;
				PRODUCT_NAME = "$(TARGET_NAME)";
				SWIFT_EMIT_LOC_STRINGS = YES;
				SWIFT_VERSION = 5.0;
				TARGETED_DEVICE_FAMILY = "1,2";
			};
			name = Debug;
		};
		4CCCB7442DA3CD4E009FCE1E /* Release */ = {
			isa = XCBuildConfiguration;
			buildSettings = {
				ASSETCATALOG_COMPILER_APPICON_NAME = AppIcon;
				ASSETCATALOG_COMPILER_GLOBAL_ACCENT_COLOR_NAME = AccentColor;
				CODE_SIGN_STYLE = Automatic;
				CURRENT_PROJECT_VERSION = 1;
				DEVELOPMENT_ASSET_PATHS = "\"collide/Preview Content\"";
				DEVELOPMENT_TEAM = LCK7YUA38D;
				ENABLE_PREVIEWS = YES;
				GENERATE_INFOPLIST_FILE = YES;
				INFOPLIST_KEY_UIApplicationSceneManifest_Generation = YES;
				INFOPLIST_KEY_UIApplicationSupportsIndirectInputEvents = YES;
				INFOPLIST_KEY_UILaunchScreen_Generation = YES;
				INFOPLIST_KEY_UISupportedInterfaceOrientations_iPad = "UIInterfaceOrientationPortrait UIInterfaceOrientationPortraitUpsideDown UIInterfaceOrientationLandscapeLeft UIInterfaceOrientationLandscapeRight";
				INFOPLIST_KEY_UISupportedInterfaceOrientations_iPhone = "UIInterfaceOrientationPortrait UIInterfaceOrientationLandscapeLeft UIInterfaceOrientationLandscapeRight";
				LD_RUNPATH_SEARCH_PATHS = (
					"$(inherited)",
					"@executable_path/Frameworks",
				);
				MARKETING_VERSION = 1.0;
				PRODUCT_BUNDLE_IDENTIFIER = com.priyank.collide;
				PRODUCT_NAME = "$(TARGET_NAME)";
				SWIFT_EMIT_LOC_STRINGS = YES;
				SWIFT_VERSION = 5.0;
				TARGETED_DEVICE_FAMILY = "1,2";
			};
			name = Release;
		};
/* End XCBuildConfiguration section */

/* Begin XCConfigurationList section */
		4CCCB72F2DA3CD4B009FCE1E /* Build configuration list for PBXProject "collide" */ = {
			isa = XCConfigurationList;
			buildConfigurations = (
				4CCCB7402DA3CD4E009FCE1E /* Debug */,
				4CCCB7412DA3CD4E009FCE1E /* Release */,
			);
			defaultConfigurationIsVisible = 0;
			defaultConfigurationName = Release;
		};
		4CCCB7422DA3CD4E009FCE1E /* Build configuration list for PBXNativeTarget "collide" */ = {
			isa = XCConfigurationList;
			buildConfigurations = (
				4CCCB7432DA3CD4E009FCE1E /* Debug */,
				4CCCB7442DA3CD4E009FCE1E /* Release */,
			);
			defaultConfigurationIsVisible = 0;
			defaultConfigurationName = Release;
		};
/* End XCConfigurationList section */
	};
	rootObject = 4CCCB72C2DA3CD4B009FCE1E /* Project object */;
}
